// !$*UTF8*$!
{
	archiveVersion = 1;
	classes = {
	};
	objectVersion = 77;
	objects = {

/* Begin PBXContainerItemProxy section */
		587C48572DF5D99E008CF82B /* PBXContainerItemProxy */ = {
			isa = PBXContainerItemProxy;
			containerPortal = 587C48352DF5D99B008CF82B /* Project object */;
			proxyType = 1;
			remoteGlobalIDString = 587C483C2DF5D99B008CF82B;
			remoteInfo = PracticeGame;
		};
		587C48612DF5D99E008CF82B /* PBXContainerItemProxy */ = {
			isa = PBXContainerItemProxy;
			containerPortal = 587C48352DF5D99B008CF82B /* Project object */;
			proxyType = 1;
			remoteGlobalIDString = 587C483C2DF5D99B008CF82B;
			remoteInfo = PracticeGame;
		};
/* End PBXContainerItemProxy section */

/* Begin PBXFileReference section */
		587C483D2DF5D99B008CF82B /* PracticeGame.app */ = {isa = PBXFileReference; explicitFileType = wrapper.application; includeInIndex = 0; path = PracticeGame.app; sourceTree = BUILT_PRODUCTS_DIR; };
		587C48562DF5D99E008CF82B /* PracticeGameTests.xctest */ = {isa = PBXFileReference; explicitFileType = wrapper.cfbundle; includeInIndex = 0; path = PracticeGameTests.xctest; sourceTree = BUILT_PRODUCTS_DIR; };
		587C48602DF5D99E008CF82B /* PracticeGameUITests.xctest */ = {isa = PBXFileReference; explicitFileType = wrapper.cfbundle; includeInIndex = 0; path = PracticeGameUITests.xctest; sourceTree = BUILT_PRODUCTS_DIR; };
/* End PBXFileReference section */

/* Begin PBXFileSystemSynchronizedBuildFileExceptionSet section */
		58DB93D52DFA8E3B0061FECC /* Exceptions for "PracticeGame" folder in "PracticeGame" target */ = {
			isa = PBXFileSystemSynchronizedBuildFileExceptionSet;
			membershipExceptions = (
				Info.plist,
			);
			target = 587C483C2DF5D99B008CF82B /* PracticeGame */;
		};
/* End PBXFileSystemSynchronizedBuildFileExceptionSet section */

/* Begin PBXFileSystemSynchronizedRootGroup section */
		587C483F2DF5D99B008CF82B /* PracticeGame */ = {
			isa = PBXFileSystemSynchronizedRootGroup;
			exceptions = (
				58DB93D52DFA8E3B0061FECC /* Exceptions for "PracticeGame" folder in "PracticeGame" target */,
			);
			path = PracticeGame;
			sourceTree = "<group>";
		};
		587C48592DF5D99E008CF82B /* PracticeGameTests */ = {
			isa = PBXFileSystemSynchronizedRootGroup;
			path = PracticeGameTests;
			sourceTree = "<group>";
		};
		587C48632DF5D99E008CF82B /* PracticeGameUITests */ = {
			isa = PBXFileSystemSynchronizedRootGroup;
			path = PracticeGameUITests;
			sourceTree = "<group>";
		};
/* End PBXFileSystemSynchronizedRootGroup section */

/* Begin PBXFrameworksBuildPhase section */
		587C483A2DF5D99B008CF82B /* Frameworks */ = {
			isa = PBXFrameworksBuildPhase;
			buildActionMask = 2147483647;
			files = (
			);
			runOnlyForDeploymentPostprocessing = 0;
		};
		587C48532DF5D99E008CF82B /* Frameworks */ = {
			isa = PBXFrameworksBuildPhase;
			buildActionMask = 2147483647;
			files = (
			);
			runOnlyForDeploymentPostprocessing = 0;
		};
		587C485D2DF5D99E008CF82B /* Frameworks */ = {
			isa = PBXFrameworksBuildPhase;
			buildActionMask = 2147483647;
			files = (
			);
			runOnlyForDeploymentPostprocessing = 0;
		};
/* End PBXFrameworksBuildPhase section */

/* Begin PBXGroup section */
		587C48342DF5D99B008CF82B = {
			isa = PBXGroup;
			children = (
				587C483F2DF5D99B008CF82B /* PracticeGame */,
				587C48592DF5D99E008CF82B /* PracticeGameTests */,
				587C48632DF5D99E008CF82B /* PracticeGameUITests */,
				587C483E2DF5D99B008CF82B /* Products */,
			);
			sourceTree = "<group>";
		};
		587C483E2DF5D99B008CF82B /* Products */ = {
			isa = PBXGroup;
			children = (
				587C483D2DF5D99B008CF82B /* PracticeGame.app */,
				587C48562DF5D99E008CF82B /* PracticeGameTests.xctest */,
				587C48602DF5D99E008CF82B /* PracticeGameUITests.xctest */,
			);
			name = Products;
			sourceTree = "<group>";
		};
/* End PBXGroup section */

/* Begin PBXNativeTarget section */
		587C483C2DF5D99B008CF82B /* PracticeGame */ = {
			isa = PBXNativeTarget;
			buildConfigurationList = 587C486A2DF5D99E008CF82B /* Build configuration list for PBXNativeTarget "PracticeGame" */;
			buildPhases = (
				587C48392DF5D99B008CF82B /* Sources */,
				587C483A2DF5D99B008CF82B /* Frameworks */,
				587C483B2DF5D99B008CF82B /* Resources */,
			);
			buildRules = (
			);
			dependencies = (
			);
			fileSystemSynchronizedGroups = (
				587C483F2DF5D99B008CF82B /* PracticeGame */,
			);
			name = PracticeGame;
			packageProductDependencies = (
			);
			productName = PracticeGame;
			productReference = 587C483D2DF5D99B008CF82B /* PracticeGame.app */;
			productType = "com.apple.product-type.application";
		};
		587C48552DF5D99E008CF82B /* PracticeGameTests */ = {
			isa = PBXNativeTarget;
			buildConfigurationList = 587C486D2DF5D99E008CF82B /* Build configuration list for PBXNativeTarget "PracticeGameTests" */;
			buildPhases = (
				587C48522DF5D99E008CF82B /* Sources */,
				587C48532DF5D99E008CF82B /* Frameworks */,
				587C48542DF5D99E008CF82B /* Resources */,
			);
			buildRules = (
			);
			dependencies = (
				587C48582DF5D99E008CF82B /* PBXTargetDependency */,
			);
			fileSystemSynchronizedGroups = (
				587C48592DF5D99E008CF82B /* PracticeGameTests */,
			);
			name = PracticeGameTests;
			packageProductDependencies = (
			);
			productName = PracticeGameTests;
			productReference = 587C48562DF5D99E008CF82B /* PracticeGameTests.xctest */;
			productType = "com.apple.product-type.bundle.unit-test";
		};
		587C485F2DF5D99E008CF82B /* PracticeGameUITests */ = {
			isa = PBXNativeTarget;
			buildConfigurationList = 587C48702DF5D99E008CF82B /* Build configuration list for PBXNativeTarget "PracticeGameUITests" */;
			buildPhases = (
				587C485C2DF5D99E008CF82B /* Sources */,
				587C485D2DF5D99E008CF82B /* Frameworks */,
				587C485E2DF5D99E008CF82B /* Resources */,
			);
			buildRules = (
			);
			dependencies = (
				587C48622DF5D99E008CF82B /* PBXTargetDependency */,
			);
			fileSystemSynchronizedGroups = (
				587C48632DF5D99E008CF82B /* PracticeGameUITests */,
			);
			name = PracticeGameUITests;
			packageProductDependencies = (
			);
			productName = PracticeGameUITests;
			productReference = 587C48602DF5D99E008CF82B /* PracticeGameUITests.xctest */;
			productType = "com.apple.product-type.bundle.ui-testing";
		};
/* End PBXNativeTarget section */

/* Begin PBXProject section */
		587C48352DF5D99B008CF82B /* Project object */ = {
			isa = PBXProject;
			attributes = {
				BuildIndependentTargetsInParallel = 1;
				LastSwiftUpdateCheck = 1640;
				LastUpgradeCheck = 1640;
				TargetAttributes = {
					587C483C2DF5D99B008CF82B = {
						CreatedOnToolsVersion = 16.4;
					};
					587C48552DF5D99E008CF82B = {
						CreatedOnToolsVersion = 16.4;
						TestTargetID = 587C483C2DF5D99B008CF82B;
					};
					587C485F2DF5D99E008CF82B = {
						CreatedOnToolsVersion = 16.4;
						TestTargetID = 587C483C2DF5D99B008CF82B;
					};
				};
			};
			buildConfigurationList = 587C48382DF5D99B008CF82B /* Build configuration list for PBXProject "PracticeGame" */;
			developmentRegion = en;
			hasScannedForEncodings = 0;
			knownRegions = (
				en,
				Base,
			);
			mainGroup = 587C48342DF5D99B008CF82B;
			minimizedProjectReferenceProxies = 1;
			preferredProjectObjectVersion = 77;
			productRefGroup = 587C483E2DF5D99B008CF82B /* Products */;
			projectDirPath = "";
			projectRoot = "";
			targets = (
				587C483C2DF5D99B008CF82B /* PracticeGame */,
				587C48552DF5D99E008CF82B /* PracticeGameTests */,
				587C485F2DF5D99E008CF82B /* PracticeGameUITests */,
			);
		};
/* End PBXProject section */

/* Begin PBXResourcesBuildPhase section */
		587C483B2DF5D99B008CF82B /* Resources */ = {
			isa = PBXResourcesBuildPhase;
			buildActionMask = 2147483647;
			files = (
			);
			runOnlyForDeploymentPostprocessing = 0;
		};
		587C48542DF5D99E008CF82B /* Resources */ = {
			isa = PBXResourcesBuildPhase;
			buildActionMask = 2147483647;
			files = (
			);
			runOnlyForDeploymentPostprocessing = 0;
		};
		587C485E2DF5D99E008CF82B /* Resources */ = {
			isa = PBXResourcesBuildPhase;
			buildActionMask = 2147483647;
			files = (
			);
			runOnlyForDeploymentPostprocessing = 0;
		};
/* End PBXResourcesBuildPhase section */

/* Begin PBXSourcesBuildPhase section */
		587C48392DF5D99B008CF82B /* Sources */ = {
			isa = PBXSourcesBuildPhase;
			buildActionMask = 2147483647;
			files = (
			);
			runOnlyForDeploymentPostprocessing = 0;
		};
		587C48522DF5D99E008CF82B /* Sources */ = {
			isa = PBXSourcesBuildPhase;
			buildActionMask = 2147483647;
			files = (
			);
			runOnlyForDeploymentPostprocessing = 0;
		};
		587C485C2DF5D99E008CF82B /* Sources */ = {
			isa = PBXSourcesBuildPhase;
			buildActionMask = 2147483647;
			files = (
			);
			runOnlyForDeploymentPostprocessing = 0;
		};
/* End PBXSourcesBuildPhase section */

/* Begin PBXTargetDependency section */
		587C48582DF5D99E008CF82B /* PBXTargetDependency */ = {
			isa = PBXTargetDependency;
			target = 587C483C2DF5D99B008CF82B /* PracticeGame */;
			targetProxy = 587C48572DF5D99E008CF82B /* PBXContainerItemProxy */;
		};
		587C48622DF5D99E008CF82B /* PBXTargetDependency */ = {
			isa = PBXTargetDependency;
			target = 587C483C2DF5D99B008CF82B /* PracticeGame */;
			targetProxy = 587C48612DF5D99E008CF82B /* PBXContainerItemProxy */;
		};
/* End PBXTargetDependency section */

/* Begin XCBuildConfiguration section */
		587C48682DF5D99E008CF82B /* Debug */ = {
			isa = XCBuildConfiguration;
			buildSettings = {
				ALWAYS_SEARCH_USER_PATHS = NO;
				ASSETCATALOG_COMPILER_GENERATE_SWIFT_ASSET_SYMBOL_EXTENSIONS = YES;
				CLANG_ANALYZER_NONNULL = YES;
				CLANG_ANALYZER_NUMBER_OBJECT_CONVERSION = YES_AGGRESSIVE;
				CLANG_CXX_LANGUAGE_STANDARD = "gnu++20";
				CLANG_ENABLE_MODULES = YES;
				CLANG_ENABLE_OBJC_ARC = YES;
				CLANG_ENABLE_OBJC_WEAK = YES;
				CLANG_WARN_BLOCK_CAPTURE_AUTORELEASING = YES;
				CLANG_WARN_BOOL_CONVERSION = YES;
				CLANG_WARN_COMMA = YES;
				CLANG_WARN_CONSTANT_CONVERSION = YES;
				CLANG_WARN_DEPRECATED_OBJC_IMPLEMENTATIONS = YES;
				CLANG_WARN_DIRECT_OBJC_ISA_USAGE = YES_ERROR;
				CLANG_WARN_DOCUMENTATION_COMMENTS = YES;
				CLANG_WARN_EMPTY_BODY = YES;
				CLANG_WARN_ENUM_CONVERSION = YES;
				CLANG_WARN_INFINITE_RECURSION = YES;
				CLANG_WARN_INT_CONVERSION = YES;
				CLANG_WARN_NON_LITERAL_NULL_CONVERSION = YES;
				CLANG_WARN_OBJC_IMPLICIT_RETAIN_SELF = YES;
				CLANG_WARN_OBJC_LITERAL_CONVERSION = YES;
				CLANG_WARN_OBJC_ROOT_CLASS = YES_ERROR;
				CLANG_WARN_QUOTED_INCLUDE_IN_FRAMEWORK_HEADER = YES;
				CLANG_WARN_RANGE_LOOP_ANALYSIS = YES;
				CLANG_WARN_STRICT_PROTOTYPES = YES;
				CLANG_WARN_SUSPICIOUS_MOVE = YES;
				CLANG_WARN_UNGUARDED_AVAILABILITY = YES_AGGRESSIVE;
				CLANG_WARN_UNREACHABLE_CODE = YES;
				CLANG_WARN__DUPLICATE_METHOD_MATCH = YES;
				COPY_PHASE_STRIP = NO;
				DEBUG_INFORMATION_FORMAT = dwarf;
				DEVELOPMENT_TEAM = FJ6X24YPZR;
				ENABLE_STRICT_OBJC_MSGSEND = YES;
				ENABLE_TESTABILITY = YES;
				ENABLE_USER_SCRIPT_SANDBOXING = YES;
				GCC_C_LANGUAGE_STANDARD = gnu17;
				GCC_DYNAMIC_NO_PIC = NO;
				GCC_NO_COMMON_BLOCKS = YES;
				GCC_OPTIMIZATION_LEVEL = 0;
				GCC_PREPROCESSOR_DEFINITIONS = (
					"DEBUG=1",
					"$(inherited)",
				);
				GCC_WARN_64_TO_32_BIT_CONVERSION = YES;
				GCC_WARN_ABOUT_RETURN_TYPE = YES_ERROR;
				GCC_WARN_UNDECLARED_SELECTOR = YES;
				GCC_WARN_UNINITIALIZED_AUTOS = YES_AGGRESSIVE;
				GCC_WARN_UNUSED_FUNCTION = YES;
				GCC_WARN_UNUSED_VARIABLE = YES;
				IPHONEOS_DEPLOYMENT_TARGET = 18.5;
				LOCALIZATION_PREFERS_STRING_CATALOGS = YES;
				MTL_ENABLE_DEBUG_INFO = INCLUDE_SOURCE;
				MTL_FAST_MATH = YES;
				ONLY_ACTIVE_ARCH = YES;
				SDKROOT = iphoneos;
				SWIFT_ACTIVE_COMPILATION_CONDITIONS = "DEBUG $(inherited)";
				SWIFT_OPTIMIZATION_LEVEL = "-Onone";
			};
			name = Debug;
		};
		587C48692DF5D99E008CF82B /* Release */ = {
			isa = XCBuildConfiguration;
			buildSettings = {
				ALWAYS_SEARCH_USER_PATHS = NO;
				ASSETCATALOG_COMPILER_GENERATE_SWIFT_ASSET_SYMBOL_EXTENSIONS = YES;
				CLANG_ANALYZER_NONNULL = YES;
				CLANG_ANALYZER_NUMBER_OBJECT_CONVERSION = YES_AGGRESSIVE;
				CLANG_CXX_LANGUAGE_STANDARD = "gnu++20";
				CLANG_ENABLE_MODULES = YES;
				CLANG_ENABLE_OBJC_ARC = YES;
				CLANG_ENABLE_OBJC_WEAK = YES;
				CLANG_WARN_BLOCK_CAPTURE_AUTORELEASING = YES;
				CLANG_WARN_BOOL_CONVERSION = YES;
				CLANG_WARN_COMMA = YES;
				CLANG_WARN_CONSTANT_CONVERSION = YES;
				CLANG_WARN_DEPRECATED_OBJC_IMPLEMENTATIONS = YES;
				CLANG_WARN_DIRECT_OBJC_ISA_USAGE = YES_ERROR;
				CLANG_WARN_DOCUMENTATION_COMMENTS = YES;
				CLANG_WARN_EMPTY_BODY = YES;
				CLANG_WARN_ENUM_CONVERSION = YES;
				CLANG_WARN_INFINITE_RECURSION = YES;
				CLANG_WARN_INT_CONVERSION = YES;
				CLANG_WARN_NON_LITERAL_NULL_CONVERSION = YES;
				CLANG_WARN_OBJC_IMPLICIT_RETAIN_SELF = YES;
				CLANG_WARN_OBJC_LITERAL_CONVERSION = YES;
				CLANG_WARN_OBJC_ROOT_CLASS = YES_ERROR;
				CLANG_WARN_QUOTED_INCLUDE_IN_FRAMEWORK_HEADER = YES;
				CLANG_WARN_RANGE_LOOP_ANALYSIS = YES;
				CLANG_WARN_STRICT_PROTOTYPES = YES;
				CLANG_WARN_SUSPICIOUS_MOVE = YES;
				CLANG_WARN_UNGUARDED_AVAILABILITY = YES_AGGRESSIVE;
				CLANG_WARN_UNREACHABLE_CODE = YES;
				CLANG_WARN__DUPLICATE_METHOD_MATCH = YES;
				COPY_PHASE_STRIP = NO;
				DEBUG_INFORMATION_FORMAT = "dwarf-with-dsym";
				DEVELOPMENT_TEAM = FJ6X24YPZR;
				ENABLE_NS_ASSERTIONS = NO;
				ENABLE_STRICT_OBJC_MSGSEND = YES;
				ENABLE_USER_SCRIPT_SANDBOXING = YES;
				GCC_C_LANGUAGE_STANDARD = gnu17;
				GCC_NO_COMMON_BLOCKS = YES;
				GCC_WARN_64_TO_32_BIT_CONVERSION = YES;
				GCC_WARN_ABOUT_RETURN_TYPE = YES_ERROR;
				GCC_WARN_UNDECLARED_SELECTOR = YES;
				GCC_WARN_UNINITIALIZED_AUTOS = YES_AGGRESSIVE;
				GCC_WARN_UNUSED_FUNCTION = YES;
				GCC_WARN_UNUSED_VARIABLE = YES;
				IPHONEOS_DEPLOYMENT_TARGET = 18.5;
				LOCALIZATION_PREFERS_STRING_CATALOGS = YES;
				MTL_ENABLE_DEBUG_INFO = NO;
				MTL_FAST_MATH = YES;
				SDKROOT = iphoneos;
				SWIFT_COMPILATION_MODE = wholemodule;
				VALIDATE_PRODUCT = YES;
			};
			name = Release;
		};
		587C486B2DF5D99E008CF82B /* Debug */ = {
			isa = XCBuildConfiguration;
			buildSettings = {
				ASSETCATALOG_COMPILER_APPICON_NAME = AppIcon;
				ASSETCATALOG_COMPILER_GLOBAL_ACCENT_COLOR_NAME = AccentColor;
				CODE_SIGN_STYLE = Automatic;
				CURRENT_PROJECT_VERSION = 1;
				DEVELOPMENT_TEAM = FJ6X24YPZR;
				GENERATE_INFOPLIST_FILE = YES;
				INFOPLIST_FILE = PracticeGame/Info.plist;
				INFOPLIST_KEY_UIApplicationSupportsIndirectInputEvents = YES;
				INFOPLIST_KEY_UILaunchStoryboardName = LaunchScreen;
				INFOPLIST_KEY_UIMainStoryboardFile = Main;
				INFOPLIST_KEY_UIStatusBarHidden = YES;
				INFOPLIST_KEY_UISupportedInterfaceOrientations_iPad = "UIInterfaceOrientationPortrait UIInterfaceOrientationPortraitUpsideDown UIInterfaceOrientationLandscapeLeft UIInterfaceOrientationLandscapeRight";
				INFOPLIST_KEY_UISupportedInterfaceOrientations_iPhone = "UIInterfaceOrientationPortrait UIInterfaceOrientationLandscapeLeft UIInterfaceOrientationLandscapeRight";
				LD_RUNPATH_SEARCH_PATHS = (
					"$(inherited)",
					"@executable_path/Frameworks",
				);
				MARKETING_VERSION = 1.0;
				PRODUCT_BUNDLE_IDENTIFIER = jdev.PracticeGame;
				PRODUCT_NAME = "$(TARGET_NAME)";
				SWIFT_EMIT_LOC_STRINGS = YES;
				SWIFT_VERSION = 5.0;
				TARGETED_DEVICE_FAMILY = "1,2";
			};
			name = Debug;
		};
		587C486C2DF5D99E008CF82B /* Release */ = {
			isa = XCBuildConfiguration;
			buildSettings = {
				ASSETCATALOG_COMPILER_APPICON_NAME = AppIcon;
				ASSETCATALOG_COMPILER_GLOBAL_ACCENT_COLOR_NAME = AccentColor;
				CODE_SIGN_STYLE = Automatic;
				CURRENT_PROJECT_VERSION = 1;
				DEVELOPMENT_TEAM = FJ6X24YPZR;
				GENERATE_INFOPLIST_FILE = YES;
				INFOPLIST_FILE = PracticeGame/Info.plist;
				INFOPLIST_KEY_UIApplicationSupportsIndirectInputEvents = YES;
				INFOPLIST_KEY_UILaunchStoryboardName = LaunchScreen;
				INFOPLIST_KEY_UIMainStoryboardFile = Main;
				INFOPLIST_KEY_UIStatusBarHidden = YES;
				INFOPLIST_KEY_UISupportedInterfaceOrientations_iPad = "UIInterfaceOrientationPortrait UIInterfaceOrientationPortraitUpsideDown UIInterfaceOrientationLandscapeLeft UIInterfaceOrientationLandscapeRight";
				INFOPLIST_KEY_UISupportedInterfaceOrientations_iPhone = "UIInterfaceOrientationPortrait UIInterfaceOrientationLandscapeLeft UIInterfaceOrientationLandscapeRight";
				LD_RUNPATH_SEARCH_PATHS = (
					"$(inherited)",
					"@executable_path/Frameworks",
				);
				MARKETING_VERSION = 1.0;
				PRODUCT_BUNDLE_IDENTIFIER = jdev.PracticeGame;
				PRODUCT_NAME = "$(TARGET_NAME)";
				SWIFT_EMIT_LOC_STRINGS = YES;
				SWIFT_VERSION = 5.0;
				TARGETED_DEVICE_FAMILY = "1,2";
			};
			name = Release;
		};
		587C486E2DF5D99E008CF82B /* Debug */ = {
			isa = XCBuildConfiguration;
			buildSettings = {
				BUNDLE_LOADER = "$(TEST_HOST)";
				CODE_SIGN_STYLE = Automatic;
				CURRENT_PROJECT_VERSION = 1;
				DEVELOPMENT_TEAM = FJ6X24YPZR;
				GENERATE_INFOPLIST_FILE = YES;
				IPHONEOS_DEPLOYMENT_TARGET = 18.5;
				MARKETING_VERSION = 1.0;
				PRODUCT_BUNDLE_IDENTIFIER = jdev.PracticeGameTests;
				PRODUCT_NAME = "$(TARGET_NAME)";
				SWIFT_EMIT_LOC_STRINGS = NO;
				SWIFT_VERSION = 5.0;
				TARGETED_DEVICE_FAMILY = "1,2";
				TEST_HOST = "$(BUILT_PRODUCTS_DIR)/PracticeGame.app/$(BUNDLE_EXECUTABLE_FOLDER_PATH)/PracticeGame";
			};
			name = Debug;
		};
		587C486F2DF5D99E008CF82B /* Release */ = {
			isa = XCBuildConfiguration;
			buildSettings = {
				BUNDLE_LOADER = "$(TEST_HOST)";
				CODE_SIGN_STYLE = Automatic;
				CURRENT_PROJECT_VERSION = 1;
				DEVELOPMENT_TEAM = FJ6X24YPZR;
				GENERATE_INFOPLIST_FILE = YES;
				IPHONEOS_DEPLOYMENT_TARGET = 18.5;
				MARKETING_VERSION = 1.0;
				PRODUCT_BUNDLE_IDENTIFIER = jdev.PracticeGameTests;
				PRODUCT_NAME = "$(TARGET_NAME)";
				SWIFT_EMIT_LOC_STRINGS = NO;
				SWIFT_VERSION = 5.0;
				TARGETED_DEVICE_FAMILY = "1,2";
				TEST_HOST = "$(BUILT_PRODUCTS_DIR)/PracticeGame.app/$(BUNDLE_EXECUTABLE_FOLDER_PATH)/PracticeGame";
			};
			name = Release;
		};
		587C48712DF5D99E008CF82B /* Debug */ = {
			isa = XCBuildConfiguration;
			buildSettings = {
				CODE_SIGN_STYLE = Automatic;
				CURRENT_PROJECT_VERSION = 1;
				DEVELOPMENT_TEAM = FJ6X24YPZR;
				GENERATE_INFOPLIST_FILE = YES;
				MARKETING_VERSION = 1.0;
				PRODUCT_BUNDLE_IDENTIFIER = jdev.PracticeGameUITests;
				PRODUCT_NAME = "$(TARGET_NAME)";
				SWIFT_EMIT_LOC_STRINGS = NO;
				SWIFT_VERSION = 5.0;
				TARGETED_DEVICE_FAMILY = "1,2";
				TEST_TARGET_NAME = PracticeGame;
			};
			name = Debug;
		};
		587C48722DF5D99E008CF82B /* Release */ = {
			isa = XCBuildConfiguration;
			buildSettings = {
				CODE_SIGN_STYLE = Automatic;
				CURRENT_PROJECT_VERSION = 1;
				DEVELOPMENT_TEAM = FJ6X24YPZR;
				GENERATE_INFOPLIST_FILE = YES;
				MARKETING_VERSION = 1.0;
				PRODUCT_BUNDLE_IDENTIFIER = jdev.PracticeGameUITests;
				PRODUCT_NAME = "$(TARGET_NAME)";
				SWIFT_EMIT_LOC_STRINGS = NO;
				SWIFT_VERSION = 5.0;
				TARGETED_DEVICE_FAMILY = "1,2";
				TEST_TARGET_NAME = PracticeGame;
			};
			name = Release;
		};
/* End XCBuildConfiguration section */

/* Begin XCConfigurationList section */
		587C48382DF5D99B008CF82B /* Build configuration list for PBXProject "PracticeGame" */ = {
			isa = XCConfigurationList;
			buildConfigurations = (
				587C48682DF5D99E008CF82B /* Debug */,
				587C48692DF5D99E008CF82B /* Release */,
			);
			defaultConfigurationIsVisible = 0;
			defaultConfigurationName = Release;
		};
		587C486A2DF5D99E008CF82B /* Build configuration list for PBXNativeTarget "PracticeGame" */ = {
			isa = XCConfigurationList;
			buildConfigurations = (
				587C486B2DF5D99E008CF82B /* Debug */,
				587C486C2DF5D99E008CF82B /* Release */,
			);
			defaultConfigurationIsVisible = 0;
			defaultConfigurationName = Release;
		};
		587C486D2DF5D99E008CF82B /* Build configuration list for PBXNativeTarget "PracticeGameTests" */ = {
			isa = XCConfigurationList;
			buildConfigurations = (
				587C486E2DF5D99E008CF82B /* Debug */,
				587C486F2DF5D99E008CF82B /* Release */,
			);
			defaultConfigurationIsVisible = 0;
			defaultConfigurationName = Release;
		};
		587C48702DF5D99E008CF82B /* Build configuration list for PBXNativeTarget "PracticeGameUITests" */ = {
			isa = XCConfigurationList;
			buildConfigurations = (
				587C48712DF5D99E008CF82B /* Debug */,
				587C48722DF5D99E008CF82B /* Release */,
			);
			defaultConfigurationIsVisible = 0;
			defaultConfigurationName = Release;
		};
/* End XCConfigurationList section */
	};
	rootObject = 587C48352DF5D99B008CF82B /* Project object */;
}
